{
  "nodes": {
    "nixpkgs": {
      "locked": {
        "lastModified": 1636639232,
        "narHash": "sha256-mtGqroVzgs7ZfZOoiL8JwAZffO3vsA7D3+2YvvDxB68=",
        "owner": "nixos",
        "repo": "nixpkgs",
        "rev": "0aa2edcd9e1b4a0d750016d911a20994617507ba",
        "type": "github"
      },
      "original": {
        "owner": "nixos",
        "ref": "master",
        "repo": "nixpkgs",
        "type": "github"
      }
    },
    "root": {
      "inputs": {
        "nixpkgs": "nixpkgs",
        "utils": "utils"
      }
    },
    "utils": {
      "locked": {
        "lastModified": 1634851050,
        "narHash": "sha256-N83GlSGPJJdcqhUxSCS/WwW5pksYf3VP1M13cDRTSVA=",
        "owner": "numtide",
        "repo": "flake-utils",
        "rev": "c91f3de5adaf1de973b797ef7485e441a65b8935",
        "type": "github"
      },
      "original": {
        "owner": "numtide",
        "repo": "flake-utils",
        "type": "github"
      }
    }
  },
  "root": "root",
  "version": 7
}
