{
  "nodes": {
    "nixpkgs": {
      "locked": {
        "lastModified": 1651907668,
        "narHash": "sha256-g32AS0tnO5u3fjIYWG95cNYjE4if4IlkUgdpcDQ1+6w=",
        "owner": "nixos",
        "repo": "nixpkgs",
        "rev": "8100bbdb414fe8c56ac08f96c1f7a76d6aafe3af",
        "type": "github"
      },
      "original": {
        "owner": "nixos",
        "ref": "master",
        "repo": "nixpkgs",
        "type": "github"
      }
    },
    "root": {
      "inputs": {
        "nixpkgs": "nixpkgs",
        "utils": "utils"
      }
    },
    "utils": {
      "locked": {
        "lastModified": 1649676176,
        "narHash": "sha256-OWKJratjt2RW151VUlJPRALb7OU2S5s+f0vLj4o1bHM=",
        "owner": "numtide",
        "repo": "flake-utils",
        "rev": "a4b154ebbdc88c8498a5c7b01589addc9e9cb678",
        "type": "github"
      },
      "original": {
        "owner": "numtide",
        "repo": "flake-utils",
        "type": "github"
      }
    }
  },
  "root": "root",
  "version": 7
}
